{
  "originHash" : "e2e0c3445b8f5fffa66b042cdf5e9d19b4166b72e57f632d5b49ba7726ac1093",
  "pins" : [
    {
      "identity" : "clickioconsentsdk-ios",
      "kind" : "remoteSourceControl",
      "location" : "https://github.com/ClickioTech/ClickioConsentSDK-IOS",
      "state" : {
        "revision" : "eeeb0637a62baf4342788160ebc61241e1f16252",
        "version" : "1.0.4"
      }
    }
  ],
  "version" : 3
}
