// !$*UTF8*$!
{
	archiveVersion = 1;
	classes = {
	};
	objectVersion = 77;
	objects = {

/* Begin PBXBuildFile section */
		C44365862DDC855100A5C1EA /* ConsentViewController.swift in Sources */ = {isa = PBXBuildFile; fileRef = C443657D2DDC855100A5C1EA /* ConsentViewController.swift */; };
		C44365872DDC855100A5C1EA /* ConsentDataItem.swift in Sources */ = {isa = PBXBuildFile; fileRef = C443657C2DDC855100A5C1EA /* ConsentDataItem.swift */; };
		C44365882DDC855100A5C1EA /* AppDelegate.swift in Sources */ = {isa = PBXBuildFile; fileRef = C44365792DDC855100A5C1EA /* AppDelegate.swift */; };
		C44365892DDC855100A5C1EA /* DefaultAppATTManager.swift in Sources */ = {isa = PBXBuildFile; fileRef = C443657E2DDC855100A5C1EA /* DefaultAppATTManager.swift */; };
		C443658A2DDC855100A5C1EA /* BannerViewController.swift in Sources */ = {isa = PBXBuildFile; fileRef = C443657B2DDC855100A5C1EA /* BannerViewController.swift */; };
		C443658B2DDC855100A5C1EA /* SceneDelegate.swift in Sources */ = {isa = PBXBuildFile; fileRef = C44365842DDC855100A5C1EA /* SceneDelegate.swift */; };
		C443658C2DDC855100A5C1EA /* LaunchScreen.storyboard in Resources */ = {isa = PBXBuildFile; fileRef = C44365812DDC855100A5C1EA /* LaunchScreen.storyboard */; };
		C443658D2DDC855100A5C1EA /* Assets.xcassets in Resources */ = {isa = PBXBuildFile; fileRef = C443657A2DDC855100A5C1EA /* Assets.xcassets */; };
		C443658E2DDC855100A5C1EA /* Main.storyboard in Resources */ = {isa = PBXBuildFile; fileRef = C44365832DDC855100A5C1EA /* Main.storyboard */; };
		C44365922DDC8ACD00A5C1EA /* ConsentCell.swift in Sources */ = {isa = PBXBuildFile; fileRef = C44365912DDC8ACD00A5C1EA /* ConsentCell.swift */; };
		C44365B62DDCE8A600A5C1EA /* ClickioConsentSDKManager in Frameworks */ = {isa = PBXBuildFile; productRef = C44365B52DDCE8A600A5C1EA /* ClickioConsentSDKManager */; };
		C4A815172DD4FAB20013F8D2 /* GoogleMobileAds in Frameworks */ = {isa = PBXBuildFile; productRef = C4A815162DD4FAB20013F8D2 /* GoogleMobileAds */; };
		C4D16E582DE8B2C800B3BD24 /* ClickioConsentSDKManager in Frameworks */ = {isa = PBXBuildFile; productRef = C4D16E572DE8B2C800B3BD24 /* ClickioConsentSDKManager */; };
		C4D16E5B2DE8B2E000B3BD24 /* ClickioConsentSDKManager in Frameworks */ = {isa = PBXBuildFile; productRef = C4D16E5A2DE8B2E000B3BD24 /* ClickioConsentSDKManager */; };
		C4EE07182DB7F63C00AA8A5F /* ClickioConsentSDKManager in Frameworks */ = {isa = PBXBuildFile; productRef = C4EE07172DB7F63C00AA8A5F /* ClickioConsentSDKManager */; };
		C4FF59172DBC48650061DB39 /* ClickioConsentSDKManager in Frameworks */ = {isa = PBXBuildFile; productRef = C4FF59162DBC48650061DB39 /* ClickioConsentSDKManager */; };
/* End PBXBuildFile section */

/* Begin PBXCopyFilesBuildPhase section */
		C4CF27E42D836122008E8BA2 /* Embed Frameworks */ = {
			isa = PBXCopyFilesBuildPhase;
			buildActionMask = 2147483647;
			dstPath = "";
			dstSubfolderSpec = 10;
			files = (
			);
			name = "Embed Frameworks";
			runOnlyForDeploymentPostprocessing = 0;
		};
/* End PBXCopyFilesBuildPhase section */

/* Begin PBXFileReference section */
		C44365792DDC855100A5C1EA /* AppDelegate.swift */ = {isa = PBXFileReference; lastKnownFileType = sourcecode.swift; path = AppDelegate.swift; sourceTree = "<group>"; };
		C443657A2DDC855100A5C1EA /* Assets.xcassets */ = {isa = PBXFileReference; lastKnownFileType = folder.assetcatalog; path = Assets.xcassets; sourceTree = "<group>"; };
		C443657B2DDC855100A5C1EA /* BannerViewController.swift */ = {isa = PBXFileReference; lastKnownFileType = sourcecode.swift; path = BannerViewController.swift; sourceTree = "<group>"; };
		C443657C2DDC855100A5C1EA /* ConsentDataItem.swift */ = {isa = PBXFileReference; lastKnownFileType = sourcecode.swift; path = ConsentDataItem.swift; sourceTree = "<group>"; };
		C443657D2DDC855100A5C1EA /* ConsentViewController.swift */ = {isa = PBXFileReference; lastKnownFileType = sourcecode.swift; path = ConsentViewController.swift; sourceTree = "<group>"; };
		C443657E2DDC855100A5C1EA /* DefaultAppATTManager.swift */ = {isa = PBXFileReference; lastKnownFileType = sourcecode.swift; path = DefaultAppATTManager.swift; sourceTree = "<group>"; };
		C443657F2DDC855100A5C1EA /* Info.plist */ = {isa = PBXFileReference; lastKnownFileType = text.plist.xml; path = Info.plist; sourceTree = "<group>"; };
		C44365802DDC855100A5C1EA /* Base */ = {isa = PBXFileReference; lastKnownFileType = file.storyboard; name = Base; path = Base.lproj/LaunchScreen.storyboard; sourceTree = "<group>"; };
		C44365822DDC855100A5C1EA /* Base */ = {isa = PBXFileReference; lastKnownFileType = file.storyboard; name = Base; path = Base.lproj/Main.storyboard; sourceTree = "<group>"; };
		C44365842DDC855100A5C1EA /* SceneDelegate.swift */ = {isa = PBXFileReference; lastKnownFileType = sourcecode.swift; path = SceneDelegate.swift; sourceTree = "<group>"; };
		C44365912DDC8ACD00A5C1EA /* ConsentCell.swift */ = {isa = PBXFileReference; lastKnownFileType = sourcecode.swift; path = ConsentCell.swift; sourceTree = "<group>"; };
		C4D16E552DE8B29A00B3BD24 /* ClickioSDK_Integration_Example_iOS.app */ = {isa = PBXFileReference; explicitFileType = wrapper.application; includeInIndex = 0; path = ClickioSDK_Integration_Example_iOS.app; sourceTree = BUILT_PRODUCTS_DIR; };
/* End PBXFileReference section */

/* Begin PBXFrameworksBuildPhase section */
		C49473BE2D724DF900949C57 /* Frameworks */ = {
			isa = PBXFrameworksBuildPhase;
			buildActionMask = 2147483647;
			files = (
				C4A815172DD4FAB20013F8D2 /* GoogleMobileAds in Frameworks */,
				C4D16E5B2DE8B2E000B3BD24 /* ClickioConsentSDKManager in Frameworks */,
				C44365B62DDCE8A600A5C1EA /* ClickioConsentSDKManager in Frameworks */,
				C4EE07182DB7F63C00AA8A5F /* ClickioConsentSDKManager in Frameworks */,
				C4FF59172DBC48650061DB39 /* ClickioConsentSDKManager in Frameworks */,
				C4D16E582DE8B2C800B3BD24 /* ClickioConsentSDKManager in Frameworks */,
			);
			runOnlyForDeploymentPostprocessing = 0;
		};
/* End PBXFrameworksBuildPhase section */

/* Begin PBXGroup section */
		C44365852DDC855100A5C1EA /* ClickioSDK_Integration_Example_iOS */ = {
			isa = PBXGroup;
			children = (
				C443659F2DDCC1E800A5C1EA /* Data models */,
				C44365942DDC8C9200A5C1EA /* ViewControllers */,
				C44365932DDC8C7A00A5C1EA /* Default ATT Manager */,
				C44365902DDC8A8E00A5C1EA /* UI Elements */,
				C44365792DDC855100A5C1EA /* AppDelegate.swift */,
				C443657A2DDC855100A5C1EA /* Assets.xcassets */,
				C443657F2DDC855100A5C1EA /* Info.plist */,
				C44365812DDC855100A5C1EA /* LaunchScreen.storyboard */,
				C44365832DDC855100A5C1EA /* Main.storyboard */,
				C44365842DDC855100A5C1EA /* SceneDelegate.swift */,
			);
			path = ClickioSDK_Integration_Example_iOS;
			sourceTree = "<group>";
		};
		C44365902DDC8A8E00A5C1EA /* UI Elements */ = {
			isa = PBXGroup;
			children = (
				C44365912DDC8ACD00A5C1EA /* ConsentCell.swift */,
			);
			path = "UI Elements";
			sourceTree = "<group>";
		};
		C44365932DDC8C7A00A5C1EA /* Default ATT Manager */ = {
			isa = PBXGroup;
			children = (
				C443657E2DDC855100A5C1EA /* DefaultAppATTManager.swift */,
			);
			path = "Default ATT Manager";
			sourceTree = "<group>";
		};
		C44365942DDC8C9200A5C1EA /* ViewControllers */ = {
			isa = PBXGroup;
			children = (
				C443657B2DDC855100A5C1EA /* BannerViewController.swift */,
				C443657D2DDC855100A5C1EA /* ConsentViewController.swift */,
			);
			path = ViewControllers;
			sourceTree = "<group>";
		};
		C443659F2DDCC1E800A5C1EA /* Data models */ = {
			isa = PBXGroup;
			children = (
				C443657C2DDC855100A5C1EA /* ConsentDataItem.swift */,
			);
			path = "Data models";
			sourceTree = "<group>";
		};
		C49473B82D724DF900949C57 = {
			isa = PBXGroup;
			children = (
				C44365852DDC855100A5C1EA /* ClickioSDK_Integration_Example_iOS */,
				C4D16E552DE8B29A00B3BD24 /* ClickioSDK_Integration_Example_iOS.app */,
			);
			sourceTree = "<group>";
		};
/* End PBXGroup section */

/* Begin PBXNativeTarget section */
		C49473C02D724DF900949C57 /* ClickioSDK_Integration_Example_iOS */ = {
			isa = PBXNativeTarget;
			buildConfigurationList = C49473D42D724DFA00949C57 /* Build configuration list for PBXNativeTarget "ClickioSDK_Integration_Example_iOS" */;
			buildPhases = (
				C49473BD2D724DF900949C57 /* Sources */,
				C49473BE2D724DF900949C57 /* Frameworks */,
				C49473BF2D724DF900949C57 /* Resources */,
				C4CF27E42D836122008E8BA2 /* Embed Frameworks */,
			);
			buildRules = (
			);
			dependencies = (
			);
			name = ClickioSDK_Integration_Example_iOS;
			productName = TestClickioConsentSDKApp;
			productReference = C4D16E552DE8B29A00B3BD24 /* ClickioSDK_Integration_Example_iOS.app */;
			productType = "com.apple.product-type.application";
		};
/* End PBXNativeTarget section */

/* Begin PBXProject section */
		C49473B92D724DF900949C57 /* Project object */ = {
			isa = PBXProject;
			attributes = {
				BuildIndependentTargetsInParallel = 1;
				LastSwiftUpdateCheck = 1620;
				LastUpgradeCheck = 1620;
				TargetAttributes = {
					C49473C02D724DF900949C57 = {
						CreatedOnToolsVersion = 16.2;
					};
				};
			};
			buildConfigurationList = C49473BC2D724DF900949C57 /* Build configuration list for PBXProject "ClickioSDK_Integration_Example_iOS" */;
			developmentRegion = en;
			hasScannedForEncodings = 0;
			knownRegions = (
				en,
				Base,
			);
			mainGroup = C49473B82D724DF900949C57;
			minimizedProjectReferenceProxies = 1;
			packageReferences = (
				C4A815152DD4FAB20013F8D2 /* XCRemoteSwiftPackageReference "swift-package-manager-google-mobile-ads" */,
				C4D16E592DE8B2E000B3BD24 /* XCRemoteSwiftPackageReference "ClickioConsentSDK-IOS" */,
			);
			preferredProjectObjectVersion = 77;
			productRefGroup = C49473B82D724DF900949C57;
			projectDirPath = "";
			projectRoot = "";
			targets = (
				C49473C02D724DF900949C57 /* ClickioSDK_Integration_Example_iOS */,
			);
		};
/* End PBXProject section */

/* Begin PBXResourcesBuildPhase section */
		C49473BF2D724DF900949C57 /* Resources */ = {
			isa = PBXResourcesBuildPhase;
			buildActionMask = 2147483647;
			files = (
				C443658C2DDC855100A5C1EA /* LaunchScreen.storyboard in Resources */,
				C443658D2DDC855100A5C1EA /* Assets.xcassets in Resources */,
				C443658E2DDC855100A5C1EA /* Main.storyboard in Resources */,
			);
			runOnlyForDeploymentPostprocessing = 0;
		};
/* End PBXResourcesBuildPhase section */

/* Begin PBXSourcesBuildPhase section */
		C49473BD2D724DF900949C57 /* Sources */ = {
			isa = PBXSourcesBuildPhase;
			buildActionMask = 2147483647;
			files = (
				C44365862DDC855100A5C1EA /* ConsentViewController.swift in Sources */,
				C44365872DDC855100A5C1EA /* ConsentDataItem.swift in Sources */,
				C44365882DDC855100A5C1EA /* AppDelegate.swift in Sources */,
				C44365892DDC855100A5C1EA /* DefaultAppATTManager.swift in Sources */,
				C44365922DDC8ACD00A5C1EA /* ConsentCell.swift in Sources */,
				C443658A2DDC855100A5C1EA /* BannerViewController.swift in Sources */,
				C443658B2DDC855100A5C1EA /* SceneDelegate.swift in Sources */,
			);
			runOnlyForDeploymentPostprocessing = 0;
		};
/* End PBXSourcesBuildPhase section */

/* Begin PBXVariantGroup section */
		C44365812DDC855100A5C1EA /* LaunchScreen.storyboard */ = {
			isa = PBXVariantGroup;
			children = (
				C44365802DDC855100A5C1EA /* Base */,
			);
			name = LaunchScreen.storyboard;
			sourceTree = "<group>";
		};
		C44365832DDC855100A5C1EA /* Main.storyboard */ = {
			isa = PBXVariantGroup;
			children = (
				C44365822DDC855100A5C1EA /* Base */,
			);
			name = Main.storyboard;
			sourceTree = "<group>";
		};
/* End PBXVariantGroup section */

/* Begin XCBuildConfiguration section */
		C49473D52D724DFA00949C57 /* Debug */ = {
			isa = XCBuildConfiguration;
			buildSettings = {
				ASSETCATALOG_COMPILER_APPICON_NAME = AppIcon;
				ASSETCATALOG_COMPILER_GLOBAL_ACCENT_COLOR_NAME = AccentColor;
				CODE_SIGN_STYLE = Automatic;
				CURRENT_PROJECT_VERSION = 1;
				DEVELOPMENT_TEAM = "";
				GENERATE_INFOPLIST_FILE = YES;
				INFOPLIST_FILE = ClickioSDK_Integration_Example_iOS/Info.plist;
				INFOPLIST_KEY_NSUserTrackingUsageDescription = "This is a test ATT Permission request.";
				INFOPLIST_KEY_UIApplicationSupportsIndirectInputEvents = YES;
				INFOPLIST_KEY_UILaunchStoryboardName = LaunchScreen;
				INFOPLIST_KEY_UIMainStoryboardFile = Main;
				INFOPLIST_KEY_UISupportedInterfaceOrientations_iPad = "UIInterfaceOrientationPortrait UIInterfaceOrientationPortraitUpsideDown UIInterfaceOrientationLandscapeLeft UIInterfaceOrientationLandscapeRight";
				INFOPLIST_KEY_UISupportedInterfaceOrientations_iPhone = "UIInterfaceOrientationPortrait UIInterfaceOrientationLandscapeLeft UIInterfaceOrientationLandscapeRight";
				IPHONEOS_DEPLOYMENT_TARGET = 15.0;
				LD_RUNPATH_SEARCH_PATHS = (
					"$(inherited)",
					"@executable_path/Frameworks",
				);
				MARKETING_VERSION = 1.0;
				PRODUCT_BUNDLE_IDENTIFIER = "com.ClickioSDK-Integration-Example-iOS";
				PRODUCT_NAME = "$(TARGET_NAME)";
				SUPPORTED_PLATFORMS = "iphoneos iphonesimulator";
				SUPPORTS_MACCATALYST = NO;
				SUPPORTS_MAC_DESIGNED_FOR_IPHONE_IPAD = NO;
				SUPPORTS_XR_DESIGNED_FOR_IPHONE_IPAD = NO;
				SWIFT_EMIT_LOC_STRINGS = YES;
				SWIFT_VERSION = 5.0;
				TARGETED_DEVICE_FAMILY = 1;
			};
			name = Debug;
		};
		C49473D62D724DFA00949C57 /* Release */ = {
			isa = XCBuildConfiguration;
			buildSettings = {
				ASSETCATALOG_COMPILER_APPICON_NAME = AppIcon;
				ASSETCATALOG_COMPILER_GLOBAL_ACCENT_COLOR_NAME = AccentColor;
				CODE_SIGN_STYLE = Automatic;
				CURRENT_PROJECT_VERSION = 1;
				DEVELOPMENT_TEAM = "";
				GENERATE_INFOPLIST_FILE = YES;
				INFOPLIST_FILE = ClickioSDK_Integration_Example_iOS/Info.plist;
				INFOPLIST_KEY_NSUserTrackingUsageDescription = "This is a test ATT Permission request.";
				INFOPLIST_KEY_UIApplicationSupportsIndirectInputEvents = YES;
				INFOPLIST_KEY_UILaunchStoryboardName = LaunchScreen;
				INFOPLIST_KEY_UIMainStoryboardFile = Main;
				INFOPLIST_KEY_UISupportedInterfaceOrientations_iPad = "UIInterfaceOrientationPortrait UIInterfaceOrientationPortraitUpsideDown UIInterfaceOrientationLandscapeLeft UIInterfaceOrientationLandscapeRight";
				INFOPLIST_KEY_UISupportedInterfaceOrientations_iPhone = "UIInterfaceOrientationPortrait UIInterfaceOrientationLandscapeLeft UIInterfaceOrientationLandscapeRight";
				IPHONEOS_DEPLOYMENT_TARGET = 15.0;
				LD_RUNPATH_SEARCH_PATHS = (
					"$(inherited)",
					"@executable_path/Frameworks",
				);
				MARKETING_VERSION = 1.0;
				PRODUCT_BUNDLE_IDENTIFIER = "com.ClickioSDK-Integration-Example-iOS";
				PRODUCT_NAME = "$(TARGET_NAME)";
				SUPPORTED_PLATFORMS = "iphoneos iphonesimulator";
				SUPPORTS_MACCATALYST = NO;
				SUPPORTS_MAC_DESIGNED_FOR_IPHONE_IPAD = NO;
				SUPPORTS_XR_DESIGNED_FOR_IPHONE_IPAD = NO;
				SWIFT_EMIT_LOC_STRINGS = YES;
				SWIFT_VERSION = 5.0;
				TARGETED_DEVICE_FAMILY = 1;
			};
			name = Release;
		};
		C49473D72D724DFA00949C57 /* Debug */ = {
			isa = XCBuildConfiguration;
			buildSettings = {
				ALWAYS_SEARCH_USER_PATHS = NO;
				ASSETCATALOG_COMPILER_GENERATE_SWIFT_ASSET_SYMBOL_EXTENSIONS = YES;
				BUILD_LIBRARY_FOR_DISTRIBUTION = YES;
				CLANG_ANALYZER_NONNULL = YES;
				CLANG_ANALYZER_NUMBER_OBJECT_CONVERSION = YES_AGGRESSIVE;
				CLANG_CXX_LANGUAGE_STANDARD = "gnu++20";
				CLANG_ENABLE_MODULES = YES;
				CLANG_ENABLE_OBJC_ARC = YES;
				CLANG_ENABLE_OBJC_WEAK = YES;
				CLANG_WARN_BLOCK_CAPTURE_AUTORELEASING = YES;
				CLANG_WARN_BOOL_CONVERSION = YES;
				CLANG_WARN_COMMA = YES;
				CLANG_WARN_CONSTANT_CONVERSION = YES;
				CLANG_WARN_DEPRECATED_OBJC_IMPLEMENTATIONS = YES;
				CLANG_WARN_DIRECT_OBJC_ISA_USAGE = YES_ERROR;
				CLANG_WARN_DOCUMENTATION_COMMENTS = YES;
				CLANG_WARN_EMPTY_BODY = YES;
				CLANG_WARN_ENUM_CONVERSION = YES;
				CLANG_WARN_INFINITE_RECURSION = YES;
				CLANG_WARN_INT_CONVERSION = YES;
				CLANG_WARN_NON_LITERAL_NULL_CONVERSION = YES;
				CLANG_WARN_OBJC_IMPLICIT_RETAIN_SELF = YES;
				CLANG_WARN_OBJC_LITERAL_CONVERSION = YES;
				CLANG_WARN_OBJC_ROOT_CLASS = YES_ERROR;
				CLANG_WARN_QUOTED_INCLUDE_IN_FRAMEWORK_HEADER = YES;
				CLANG_WARN_RANGE_LOOP_ANALYSIS = YES;
				CLANG_WARN_STRICT_PROTOTYPES = YES;
				CLANG_WARN_SUSPICIOUS_MOVE = YES;
				CLANG_WARN_UNGUARDED_AVAILABILITY = YES_AGGRESSIVE;
				CLANG_WARN_UNREACHABLE_CODE = YES;
				CLANG_WARN__DUPLICATE_METHOD_MATCH = YES;
				COPY_PHASE_STRIP = NO;
				DEBUG_INFORMATION_FORMAT = dwarf;
				ENABLE_STRICT_OBJC_MSGSEND = YES;
				ENABLE_TESTABILITY = YES;
				ENABLE_USER_SCRIPT_SANDBOXING = YES;
				GCC_C_LANGUAGE_STANDARD = gnu17;
				GCC_DYNAMIC_NO_PIC = NO;
				GCC_NO_COMMON_BLOCKS = YES;
				GCC_OPTIMIZATION_LEVEL = 0;
				GCC_PREPROCESSOR_DEFINITIONS = (
					"DEBUG=1",
					"$(inherited)",
				);
				GCC_WARN_64_TO_32_BIT_CONVERSION = YES;
				GCC_WARN_ABOUT_RETURN_TYPE = YES_ERROR;
				GCC_WARN_UNDECLARED_SELECTOR = YES;
				GCC_WARN_UNINITIALIZED_AUTOS = YES_AGGRESSIVE;
				GCC_WARN_UNUSED_FUNCTION = YES;
				GCC_WARN_UNUSED_VARIABLE = YES;
				INFOPLIST_KEY_NSUserTrackingUsageDescription = "This is a test ATT Permission request.";
				IPHONEOS_DEPLOYMENT_TARGET = 18.2;
				LOCALIZATION_PREFERS_STRING_CATALOGS = YES;
				MTL_ENABLE_DEBUG_INFO = INCLUDE_SOURCE;
				MTL_FAST_MATH = YES;
				ONLY_ACTIVE_ARCH = YES;
				SDKROOT = iphoneos;
				SWIFT_ACTIVE_COMPILATION_CONDITIONS = "DEBUG $(inherited)";
				SWIFT_OPTIMIZATION_LEVEL = "-Onone";
			};
			name = Debug;
		};
		C49473D82D724DFA00949C57 /* Release */ = {
			isa = XCBuildConfiguration;
			buildSettings = {
				ALWAYS_SEARCH_USER_PATHS = NO;
				ASSETCATALOG_COMPILER_GENERATE_SWIFT_ASSET_SYMBOL_EXTENSIONS = YES;
				BUILD_LIBRARY_FOR_DISTRIBUTION = YES;
				CLANG_ANALYZER_NONNULL = YES;
				CLANG_ANALYZER_NUMBER_OBJECT_CONVERSION = YES_AGGRESSIVE;
				CLANG_CXX_LANGUAGE_STANDARD = "gnu++20";
				CLANG_ENABLE_MODULES = YES;
				CLANG_ENABLE_OBJC_ARC = YES;
				CLANG_ENABLE_OBJC_WEAK = YES;
				CLANG_WARN_BLOCK_CAPTURE_AUTORELEASING = YES;
				CLANG_WARN_BOOL_CONVERSION = YES;
				CLANG_WARN_COMMA = YES;
				CLANG_WARN_CONSTANT_CONVERSION = YES;
				CLANG_WARN_DEPRECATED_OBJC_IMPLEMENTATIONS = YES;
				CLANG_WARN_DIRECT_OBJC_ISA_USAGE = YES_ERROR;
				CLANG_WARN_DOCUMENTATION_COMMENTS = YES;
				CLANG_WARN_EMPTY_BODY = YES;
				CLANG_WARN_ENUM_CONVERSION = YES;
				CLANG_WARN_INFINITE_RECURSION = YES;
				CLANG_WARN_INT_CONVERSION = YES;
				CLANG_WARN_NON_LITERAL_NULL_CONVERSION = YES;
				CLANG_WARN_OBJC_IMPLICIT_RETAIN_SELF = YES;
				CLANG_WARN_OBJC_LITERAL_CONVERSION = YES;
				CLANG_WARN_OBJC_ROOT_CLASS = YES_ERROR;
				CLANG_WARN_QUOTED_INCLUDE_IN_FRAMEWORK_HEADER = YES;
				CLANG_WARN_RANGE_LOOP_ANALYSIS = YES;
				CLANG_WARN_STRICT_PROTOTYPES = YES;
				CLANG_WARN_SUSPICIOUS_MOVE = YES;
				CLANG_WARN_UNGUARDED_AVAILABILITY = YES_AGGRESSIVE;
				CLANG_WARN_UNREACHABLE_CODE = YES;
				CLANG_WARN__DUPLICATE_METHOD_MATCH = YES;
				COPY_PHASE_STRIP = NO;
				DEBUG_INFORMATION_FORMAT = "dwarf-with-dsym";
				ENABLE_NS_ASSERTIONS = NO;
				ENABLE_STRICT_OBJC_MSGSEND = YES;
				ENABLE_USER_SCRIPT_SANDBOXING = YES;
				GCC_C_LANGUAGE_STANDARD = gnu17;
				GCC_NO_COMMON_BLOCKS = YES;
				GCC_WARN_64_TO_32_BIT_CONVERSION = YES;
				GCC_WARN_ABOUT_RETURN_TYPE = YES_ERROR;
				GCC_WARN_UNDECLARED_SELECTOR = YES;
				GCC_WARN_UNINITIALIZED_AUTOS = YES_AGGRESSIVE;
				GCC_WARN_UNUSED_FUNCTION = YES;
				GCC_WARN_UNUSED_VARIABLE = YES;
				INFOPLIST_KEY_NSUserTrackingUsageDescription = "This is a test ATT Permission request.";
				IPHONEOS_DEPLOYMENT_TARGET = 18.2;
				LOCALIZATION_PREFERS_STRING_CATALOGS = YES;
				MTL_ENABLE_DEBUG_INFO = NO;
				MTL_FAST_MATH = YES;
				SDKROOT = iphoneos;
				SWIFT_COMPILATION_MODE = wholemodule;
				VALIDATE_PRODUCT = YES;
			};
			name = Release;
		};
/* End XCBuildConfiguration section */

/* Begin XCConfigurationList section */
		C49473BC2D724DF900949C57 /* Build configuration list for PBXProject "ClickioSDK_Integration_Example_iOS" */ = {
			isa = XCConfigurationList;
			buildConfigurations = (
				C49473D72D724DFA00949C57 /* Debug */,
				C49473D82D724DFA00949C57 /* Release */,
			);
			defaultConfigurationIsVisible = 0;
			defaultConfigurationName = Release;
		};
		C49473D42D724DFA00949C57 /* Build configuration list for PBXNativeTarget "ClickioSDK_Integration_Example_iOS" */ = {
			isa = XCConfigurationList;
			buildConfigurations = (
				C49473D52D724DFA00949C57 /* Debug */,
				C49473D62D724DFA00949C57 /* Release */,
			);
			defaultConfigurationIsVisible = 0;
			defaultConfigurationName = Release;
		};
/* End XCConfigurationList section */

/* Begin XCRemoteSwiftPackageReference section */
		C4A815152DD4FAB20013F8D2 /* XCRemoteSwiftPackageReference "swift-package-manager-google-mobile-ads" */ = {
			isa = XCRemoteSwiftPackageReference;
			repositoryURL = "https://github.com/googleads/swift-package-manager-google-mobile-ads";
			requirement = {
				kind = upToNextMajorVersion;
				minimumVersion = 12.3.0;
			};
		};
		C4D16E592DE8B2E000B3BD24 /* XCRemoteSwiftPackageReference "ClickioConsentSDK-IOS" */ = {
			isa = XCRemoteSwiftPackageReference;
			repositoryURL = "https://github.com/ClickioTech/ClickioConsentSDK-IOS";
			requirement = {
				kind = upToNextMajorVersion;
				minimumVersion = 1.0.5;
			};
		};
		C4EE07162DB7F63C00AA8A5F /* XCRemoteSwiftPackageReference "ClickioConsentSDK-IOS" */ = {
			isa = XCRemoteSwiftPackageReference;
			repositoryURL = "https://github.com/ClickioTech/ClickioConsentSDK-IOS";
			requirement = {
				kind = upToNextMajorVersion;
				minimumVersion = 1.0.0;
			};
		};
		C4FF59152DBC48650061DB39 /* XCRemoteSwiftPackageReference "ClickioConsentSDK-IOS" */ = {
			isa = XCRemoteSwiftPackageReference;
			repositoryURL = "https://github.com/ClickioTech/ClickioConsentSDK-IOS";
			requirement = {
				kind = upToNextMajorVersion;
				minimumVersion = 1.0.4;
			};
		};
/* End XCRemoteSwiftPackageReference section */

/* Begin XCSwiftPackageProductDependency section */
		C44365B52DDCE8A600A5C1EA /* ClickioConsentSDKManager */ = {
			isa = XCSwiftPackageProductDependency;
			productName = ClickioConsentSDKManager;
		};
		C4A815162DD4FAB20013F8D2 /* GoogleMobileAds */ = {
			isa = XCSwiftPackageProductDependency;
			package = C4A815152DD4FAB20013F8D2 /* XCRemoteSwiftPackageReference "swift-package-manager-google-mobile-ads" */;
			productName = GoogleMobileAds;
		};
		C4D16E572DE8B2C800B3BD24 /* ClickioConsentSDKManager */ = {
			isa = XCSwiftPackageProductDependency;
			productName = ClickioConsentSDKManager;
		};
		C4D16E5A2DE8B2E000B3BD24 /* ClickioConsentSDKManager */ = {
			isa = XCSwiftPackageProductDependency;
			package = C4D16E592DE8B2E000B3BD24 /* XCRemoteSwiftPackageReference "ClickioConsentSDK-IOS" */;
			productName = ClickioConsentSDKManager;
		};
		C4EE07172DB7F63C00AA8A5F /* ClickioConsentSDKManager */ = {
			isa = XCSwiftPackageProductDependency;
			package = C4EE07162DB7F63C00AA8A5F /* XCRemoteSwiftPackageReference "ClickioConsentSDK-IOS" */;
			productName = ClickioConsentSDKManager;
		};
		C4FF59162DBC48650061DB39 /* ClickioConsentSDKManager */ = {
			isa = XCSwiftPackageProductDependency;
			package = C4FF59152DBC48650061DB39 /* XCRemoteSwiftPackageReference "ClickioConsentSDK-IOS" */;
			productName = ClickioConsentSDKManager;
		};
/* End XCSwiftPackageProductDependency section */
	};
	rootObject = C49473B92D724DF900949C57 /* Project object */;
}
